
Microsoft Visual Studio Solution File, Format Version 12.00
# Visual Studio Version 17
VisualStudioVersion = 17.10.35004.147
MinimumVisualStudioVersion = 10.0.40219.1
Project("{FAE04EC0-301F-11D3-BF4B-00C04F79EFBC}") = "Core.LandingWebApplication", "Core.LandingWebApplication\Core.LandingWebApplication.csproj", "{4264D97F-BC9F-4E12-BB72-7A32116D991E}"
EndProject
Global
	GlobalSection(SolutionConfigurationPlatforms) = preSolution
		Debug|Any CPU = Debug|Any CPU
		Release|Any CPU = Release|Any CPU
	EndGlobalSection
	GlobalSection(ProjectConfigurationPlatforms) = postSolution
		{4264D97F-BC9F-4E12-BB72-7A32116D991E}.Debug|Any CPU.ActiveCfg = Debug|Any CPU
		{4264D97F-BC9F-4E12-BB72-7A32116D991E}.Debug|Any CPU.Build.0 = Debug|Any CPU
		{4264D97F-BC9F-4E12-BB72-7A32116D991E}.Release|Any CPU.ActiveCfg = Release|Any CPU
		{4264D97F-BC9F-4E12-BB72-7A32116D991E}.Release|Any CPU.Build.0 = Release|Any CPU
	EndGlobalSection
	GlobalSection(SolutionProperties) = preSolution
		HideSolutionNode = FALSE
	EndGlobalSection
	GlobalSection(ExtensibilityGlobals) = postSolution
		SolutionGuid = {C2748F67-8392-42F9-9DD1-C5188326D84D}
	EndGlobalSection
EndGlobal
